// !$*UTF8*$!
{
	archiveVersion = 1;
	classes = {
	};
	objectVersion = 50;
	objects = {

/* Begin PBXBuildFile section */
		CEB34C2F24C6413C00A566AA /* AppDelegate.swift in Sources */ = {isa = PBXBuildFile; fileRef = CEB34C2E24C6413C00A566AA /* AppDelegate.swift */; };
		CEB34C3124C6413C00A566AA /* SceneDelegate.swift in Sources */ = {isa = PBXBuildFile; fileRef = CEB34C3024C6413C00A566AA /* SceneDelegate.swift */; };
		CEB34C3324C6413C00A566AA /* ViewController.swift in Sources */ = {isa = PBXBuildFile; fileRef = CEB34C3224C6413C00A566AA /* ViewController.swift */; };
		CEB34C3624C6413C00A566AA /* Main.storyboard in Resources */ = {isa = PBXBuildFile; fileRef = CEB34C3424C6413C00A566AA /* Main.storyboard */; };
		CEB34C3824C6414100A566AA /* Assets.xcassets in Resources */ = {isa = PBXBuildFile; fileRef = CEB34C3724C6414100A566AA /* Assets.xcassets */; };
		CEB34C3B24C6414100A566AA /* LaunchScreen.storyboard in Resources */ = {isa = PBXBuildFile; fileRef = CEB34C3924C6414100A566AA /* LaunchScreen.storyboard */; };
/* End PBXBuildFile section */

/* Begin PBXFileReference section */
		CEB34C2B24C6413C00A566AA /* WeakDelegate.app */ = {isa = PBXFileReference; explicitFileType = wrapper.application; includeInIndex = 0; path = WeakDelegate.app; sourceTree = BUILT_PRODUCTS_DIR; };
		CEB34C2E24C6413C00A566AA /* AppDelegate.swift */ = {isa = PBXFileReference; lastKnownFileType = sourcecode.swift; path = AppDelegate.swift; sourceTree = "<group>"; };
		CEB34C3024C6413C00A566AA /* SceneDelegate.swift */ = {isa = PBXFileReference; lastKnownFileType = sourcecode.swift; path = SceneDelegate.swift; sourceTree = "<group>"; };
		CEB34C3224C6413C00A566AA /* ViewController.swift */ = {isa = PBXFileReference; lastKnownFileType = sourcecode.swift; path = ViewController.swift; sourceTree = "<group>"; };
		CEB34C3524C6413C00A566AA /* Base */ = {isa = PBXFileReference; lastKnownFileType = file.storyboard; name = Base; path = Base.lproj/Main.storyboard; sourceTree = "<group>"; };
		CEB34C3724C6414100A566AA /* Assets.xcassets */ = {isa = PBXFileReference; lastKnownFileType = folder.assetcatalog; path = Assets.xcassets; sourceTree = "<group>"; };
		CEB34C3A24C6414100A566AA /* Base */ = {isa = PBXFileReference; lastKnownFileType = file.storyboard; name = Base; path = Base.lproj/LaunchScreen.storyboard; sourceTree = "<group>"; };
		CEB34C3C24C6414100A566AA /* Info.plist */ = {isa = PBXFileReference; lastKnownFileType = text.plist.xml; path = Info.plist; sourceTree = "<group>"; };
/* End PBXFileReference section */

/* Begin PBXFrameworksBuildPhase section */
		CEB34C2824C6413C00A566AA /* Frameworks */ = {
			isa = PBXFrameworksBuildPhase;
			buildActionMask = 2147483647;
			files = (
			);
			runOnlyForDeploymentPostprocessing = 0;
		};
/* End PBXFrameworksBuildPhase section */

/* Begin PBXGroup section */
		CEB34C2224C6413C00A566AA = {
			isa = PBXGroup;
			children = (
				CEB34C2D24C6413C00A566AA /* WeakDelegate */,
				CEB34C2C24C6413C00A566AA /* Products */,
			);
			sourceTree = "<group>";
		};
		CEB34C2C24C6413C00A566AA /* Products */ = {
			isa = PBXGroup;
			children = (
				CEB34C2B24C6413C00A566AA /* WeakDelegate.app */,
			);
			name = Products;
			sourceTree = "<group>";
		};
		CEB34C2D24C6413C00A566AA /* WeakDelegate */ = {
			isa = PBXGroup;
			children = (
				CEB34C2E24C6413C00A566AA /* AppDelegate.swift */,
				CEB34C3024C6413C00A566AA /* SceneDelegate.swift */,
				CEB34C3224C6413C00A566AA /* ViewController.swift */,
				CEB34C3424C6413C00A566AA /* Main.storyboard */,
				CEB34C3724C6414100A566AA /* Assets.xcassets */,
				CEB34C3924C6414100A566AA /* LaunchScreen.storyboard */,
				CEB34C3C24C6414100A566AA /* Info.plist */,
			);
			path = WeakDelegate;
			sourceTree = "<group>";
		};
/* End PBXGroup section */

/* Begin PBXNativeTarget section */
		CEB34C2A24C6413C00A566AA /* WeakDelegate */ = {
			isa = PBXNativeTarget;
			buildConfigurationList = CEB34C3F24C6414100A566AA /* Build configuration list for PBXNativeTarget "WeakDelegate" */;
			buildPhases = (
				CEB34C2724C6413C00A566AA /* Sources */,
				CEB34C2824C6413C00A566AA /* Frameworks */,
				CEB34C2924C6413C00A566AA /* Resources */,
			);
			buildRules = (
			);
			dependencies = (
			);
			name = WeakDelegate;
			productName = WeakDelegate;
			productReference = CEB34C2B24C6413C00A566AA /* WeakDelegate.app */;
			productType = "com.apple.product-type.application";
		};
/* End PBXNativeTarget section */

/* Begin PBXProject section */
		CEB34C2324C6413C00A566AA /* Project object */ = {
			isa = PBXProject;
			attributes = {
				LastSwiftUpdateCheck = 1160;
				LastUpgradeCheck = 1160;
				ORGANIZATIONNAME = Carvana;
				TargetAttributes = {
					CEB34C2A24C6413C00A566AA = {
						CreatedOnToolsVersion = 11.6;
					};
				};
			};
			buildConfigurationList = CEB34C2624C6413C00A566AA /* Build configuration list for PBXProject "WeakDelegate" */;
			compatibilityVersion = "Xcode 9.3";
			developmentRegion = en;
			hasScannedForEncodings = 0;
			knownRegions = (
				en,
				Base,
			);
			mainGroup = CEB34C2224C6413C00A566AA;
			productRefGroup = CEB34C2C24C6413C00A566AA /* Products */;
			projectDirPath = "";
			projectRoot = "";
			targets = (
				CEB34C2A24C6413C00A566AA /* WeakDelegate */,
			);
		};
/* End PBXProject section */

/* Begin PBXResourcesBuildPhase section */
		CEB34C2924C6413C00A566AA /* Resources */ = {
			isa = PBXResourcesBuildPhase;
			buildActionMask = 2147483647;
			files = (
				CEB34C3B24C6414100A566AA /* LaunchScreen.storyboard in Resources */,
				CEB34C3824C6414100A566AA /* Assets.xcassets in Resources */,
				CEB34C3624C6413C00A566AA /* Main.storyboard in Resources */,
			);
			runOnlyForDeploymentPostprocessing = 0;
		};
/* End PBXResourcesBuildPhase section */

/* Begin PBXSourcesBuildPhase section */
		CEB34C2724C6413C00A566AA /* Sources */ = {
			isa = PBXSourcesBuildPhase;
			buildActionMask = 2147483647;
			files = (
				CEB34C3324C6413C00A566AA /* ViewController.swift in Sources */,
				CEB34C2F24C6413C00A566AA /* AppDelegate.swift in Sources */,
				CEB34C3124C6413C00A566AA /* SceneDelegate.swift in Sources */,
			);
			runOnlyForDeploymentPostprocessing = 0;
		};
/* End PBXSourcesBuildPhase section */

/* Begin PBXVariantGroup section */
		CEB34C3424C6413C00A566AA /* Main.storyboard */ = {
			isa = PBXVariantGroup;
			children = (
				CEB34C3524C6413C00A566AA /* Base */,
			);
			name = Main.storyboard;
			sourceTree = "<group>";
		};
		CEB34C3924C6414100A566AA /* LaunchScreen.storyboard */ = {
			isa = PBXVariantGroup;
			children = (
				CEB34C3A24C6414100A566AA /* Base */,
			);
			name = LaunchScreen.storyboard;
			sourceTree = "<group>";
		};
/* End PBXVariantGroup section */

/* Begin XCBuildConfiguration section */
		CEB34C3D24C6414100A566AA /* Debug */ = {
			isa = XCBuildConfiguration;
			buildSettings = {
				ALWAYS_SEARCH_USER_PATHS = NO;
				CLANG_ANALYZER_NONNULL = YES;
				CLANG_ANALYZER_NUMBER_OBJECT_CONVERSION = YES_AGGRESSIVE;
				CLANG_CXX_LANGUAGE_STANDARD = "gnu++14";
				CLANG_CXX_LIBRARY = "libc++";
				CLANG_ENABLE_MODULES = YES;
				CLANG_ENABLE_OBJC_ARC = YES;
				CLANG_ENABLE_OBJC_WEAK = YES;
				CLANG_WARN_BLOCK_CAPTURE_AUTORELEASING = YES;
				CLANG_WARN_BOOL_CONVERSION = YES;
				CLANG_WARN_COMMA = YES;
				CLANG_WARN_CONSTANT_CONVERSION = YES;
				CLANG_WARN_DEPRECATED_OBJC_IMPLEMENTATIONS = YES;
				CLANG_WARN_DIRECT_OBJC_ISA_USAGE = YES_ERROR;
				CLANG_WARN_DOCUMENTATION_COMMENTS = YES;
				CLANG_WARN_EMPTY_BODY = YES;
				CLANG_WARN_ENUM_CONVERSION = YES;
				CLANG_WARN_INFINITE_RECURSION = YES;
				CLANG_WARN_INT_CONVERSION = YES;
				CLANG_WARN_NON_LITERAL_NULL_CONVERSION = YES;
				CLANG_WARN_OBJC_IMPLICIT_RETAIN_SELF = YES;
				CLANG_WARN_OBJC_LITERAL_CONVERSION = YES;
				CLANG_WARN_OBJC_ROOT_CLASS = YES_ERROR;
				CLANG_WARN_RANGE_LOOP_ANALYSIS = YES;
				CLANG_WARN_STRICT_PROTOTYPES = YES;
				CLANG_WARN_SUSPICIOUS_MOVE = YES;
				CLANG_WARN_UNGUARDED_AVAILABILITY = YES_AGGRESSIVE;
				CLANG_WARN_UNREACHABLE_CODE = YES;
				CLANG_WARN__DUPLICATE_METHOD_MATCH = YES;
				COPY_PHASE_STRIP = NO;
				DEBUG_INFORMATION_FORMAT = dwarf;
				ENABLE_STRICT_OBJC_MSGSEND = YES;
				ENABLE_TESTABILITY = YES;
				GCC_C_LANGUAGE_STANDARD = gnu11;
				GCC_DYNAMIC_NO_PIC = NO;
				GCC_NO_COMMON_BLOCKS = YES;
				GCC_OPTIMIZATION_LEVEL = 0;
				GCC_PREPROCESSOR_DEFINITIONS = (
					"DEBUG=1",
					"$(inherited)",
				);
				GCC_WARN_64_TO_32_BIT_CONVERSION = YES;
				GCC_WARN_ABOUT_RETURN_TYPE = YES_ERROR;
				GCC_WARN_UNDECLARED_SELECTOR = YES;
				GCC_WARN_UNINITIALIZED_AUTOS = YES_AGGRESSIVE;
				GCC_WARN_UNUSED_FUNCTION = YES;
				GCC_WARN_UNUSED_VARIABLE = YES;
				IPHONEOS_DEPLOYMENT_TARGET = 13.6;
				MTL_ENABLE_DEBUG_INFO = INCLUDE_SOURCE;
				MTL_FAST_MATH = YES;
				ONLY_ACTIVE_ARCH = YES;
				SDKROOT = iphoneos;
				SWIFT_ACTIVE_COMPILATION_CONDITIONS = DEBUG;
				SWIFT_OPTIMIZATION_LEVEL = "-Onone";
			};
			name = Debug;
		};
		CEB34C3E24C6414100A566AA /* Release */ = {
			isa = XCBuildConfiguration;
			buildSettings = {
				ALWAYS_SEARCH_USER_PATHS = NO;
				CLANG_ANALYZER_NONNULL = YES;
				CLANG_ANALYZER_NUMBER_OBJECT_CONVERSION = YES_AGGRESSIVE;
				CLANG_CXX_LANGUAGE_STANDARD = "gnu++14";
				CLANG_CXX_LIBRARY = "libc++";
				CLANG_ENABLE_MODULES = YES;
				CLANG_ENABLE_OBJC_ARC = YES;
				CLANG_ENABLE_OBJC_WEAK = YES;
				CLANG_WARN_BLOCK_CAPTURE_AUTORELEASING = YES;
				CLANG_WARN_BOOL_CONVERSION = YES;
				CLANG_WARN_COMMA = YES;
				CLANG_WARN_CONSTANT_CONVERSION = YES;
				CLANG_WARN_DEPRECATED_OBJC_IMPLEMENTATIONS = YES;
				CLANG_WARN_DIRECT_OBJC_ISA_USAGE = YES_ERROR;
				CLANG_WARN_DOCUMENTATION_COMMENTS = YES;
				CLANG_WARN_EMPTY_BODY = YES;
				CLANG_WARN_ENUM_CONVERSION = YES;
				CLANG_WARN_INFINITE_RECURSION = YES;
				CLANG_WARN_INT_CONVERSION = YES;
				CLANG_WARN_NON_LITERAL_NULL_CONVERSION = YES;
				CLANG_WARN_OBJC_IMPLICIT_RETAIN_SELF = YES;
				CLANG_WARN_OBJC_LITERAL_CONVERSION = YES;
				CLANG_WARN_OBJC_ROOT_CLASS = YES_ERROR;
				CLANG_WARN_RANGE_LOOP_ANALYSIS = YES;
				CLANG_WARN_STRICT_PROTOTYPES = YES;
				CLANG_WARN_SUSPICIOUS_MOVE = YES;
				CLANG_WARN_UNGUARDED_AVAILABILITY = YES_AGGRESSIVE;
				CLANG_WARN_UNREACHABLE_CODE = YES;
				CLANG_WARN__DUPLICATE_METHOD_MATCH = YES;
				COPY_PHASE_STRIP = NO;
				DEBUG_INFORMATION_FORMAT = "dwarf-with-dsym";
				ENABLE_NS_ASSERTIONS = NO;
				ENABLE_STRICT_OBJC_MSGSEND = YES;
				GCC_C_LANGUAGE_STANDARD = gnu11;
				GCC_NO_COMMON_BLOCKS = YES;
				GCC_WARN_64_TO_32_BIT_CONVERSION = YES;
				GCC_WARN_ABOUT_RETURN_TYPE = YES_ERROR;
				GCC_WARN_UNDECLARED_SELECTOR = YES;
				GCC_WARN_UNINITIALIZED_AUTOS = YES_AGGRESSIVE;
				GCC_WARN_UNUSED_FUNCTION = YES;
				GCC_WARN_UNUSED_VARIABLE = YES;
				IPHONEOS_DEPLOYMENT_TARGET = 13.6;
				MTL_ENABLE_DEBUG_INFO = NO;
				MTL_FAST_MATH = YES;
				SDKROOT = iphoneos;
				SWIFT_COMPILATION_MODE = wholemodule;
				SWIFT_OPTIMIZATION_LEVEL = "-O";
				VALIDATE_PRODUCT = YES;
			};
			name = Release;
		};
		CEB34C4024C6414100A566AA /* Debug */ = {
			isa = XCBuildConfiguration;
			buildSettings = {
				ASSETCATALOG_COMPILER_APPICON_NAME = AppIcon;
				CODE_SIGN_STYLE = Automatic;
				DEVELOPMENT_TEAM = HBB6C66BWR;
				INFOPLIST_FILE = WeakDelegate/Info.plist;
				LD_RUNPATH_SEARCH_PATHS = (
					"$(inherited)",
					"@executable_path/Frameworks",
				);
				PRODUCT_BUNDLE_IDENTIFIER = com.carvana.WeakDelegate;
				PRODUCT_NAME = "$(TARGET_NAME)";
				SWIFT_VERSION = 5.0;
				TARGETED_DEVICE_FAMILY = "1,2";
			};
			name = Debug;
		};
		CEB34C4124C6414100A566AA /* Release */ = {
			isa = XCBuildConfiguration;
			buildSettings = {
				ASSETCATALOG_COMPILER_APPICON_NAME = AppIcon;
				CODE_SIGN_STYLE = Automatic;
				DEVELOPMENT_TEAM = HBB6C66BWR;
				INFOPLIST_FILE = WeakDelegate/Info.plist;
				LD_RUNPATH_SEARCH_PATHS = (
					"$(inherited)",
					"@executable_path/Frameworks",
				);
				PRODUCT_BUNDLE_IDENTIFIER = com.carvana.WeakDelegate;
				PRODUCT_NAME = "$(TARGET_NAME)";
				SWIFT_VERSION = 5.0;
				TARGETED_DEVICE_FAMILY = "1,2";
			};
			name = Release;
		};
/* End XCBuildConfiguration section */

/* Begin XCConfigurationList section */
		CEB34C2624C6413C00A566AA /* Build configuration list for PBXProject "WeakDelegate" */ = {
			isa = XCConfigurationList;
			buildConfigurations = (
				CEB34C3D24C6414100A566AA /* Debug */,
				CEB34C3E24C6414100A566AA /* Release */,
			);
			defaultConfigurationIsVisible = 0;
			defaultConfigurationName = Release;
		};
		CEB34C3F24C6414100A566AA /* Build configuration list for PBXNativeTarget "WeakDelegate" */ = {
			isa = XCConfigurationList;
			buildConfigurations = (
				CEB34C4024C6414100A566AA /* Debug */,
				CEB34C4124C6414100A566AA /* Release */,
			);
			defaultConfigurationIsVisible = 0;
			defaultConfigurationName = Release;
		};
/* End XCConfigurationList section */
	};
	rootObject = CEB34C2324C6413C00A566AA /* Project object */;
}
